// !$*UTF8*$!
{
	archiveVersion = 1;
	classes = {
	};
	objectVersion = 56;
	objects = {

/* Begin PBXBuildFile section */
		4AA1F48C2B7D0F07006CD9D6 /* AppetizersApp.swift in Sources */ = {isa = PBXBuildFile; fileRef = 4AA1F48B2B7D0F07006CD9D6 /* AppetizersApp.swift */; };
		4AA1F48E2B7D0F07006CD9D6 /* AppetizerTabView.swift in Sources */ = {isa = PBXBuildFile; fileRef = 4AA1F48D2B7D0F07006CD9D6 /* AppetizerTabView.swift */; };
		4AA1F4902B7D0F0C006CD9D6 /* Assets.xcassets in Resources */ = {isa = PBXBuildFile; fileRef = 4AA1F48F2B7D0F0C006CD9D6 /* Assets.xcassets */; };
		4AA1F4932B7D0F0C006CD9D6 /* Preview Assets.xcassets in Resources */ = {isa = PBXBuildFile; fileRef = 4AA1F4922B7D0F0C006CD9D6 /* Preview Assets.xcassets */; };
		4AA1F49A2B7D0F5F006CD9D6 /* AppetizerListView.swift in Sources */ = {isa = PBXBuildFile; fileRef = 4AA1F4992B7D0F5F006CD9D6 /* AppetizerListView.swift */; };
		4AA1F49C2B7D0F68006CD9D6 /* AccountView.swift in Sources */ = {isa = PBXBuildFile; fileRef = 4AA1F49B2B7D0F68006CD9D6 /* AccountView.swift */; };
		4AA1F49E2B7D0F71006CD9D6 /* OrderView.swift in Sources */ = {isa = PBXBuildFile; fileRef = 4AA1F49D2B7D0F71006CD9D6 /* OrderView.swift */; };
		4AA1F4A02B8D6C45006CD9D6 /* Appetizer.swift in Sources */ = {isa = PBXBuildFile; fileRef = 4AA1F49F2B8D6C45006CD9D6 /* Appetizer.swift */; };
		4AA1F4A22B8D7124006CD9D6 /* AppetizerListCell.swift in Sources */ = {isa = PBXBuildFile; fileRef = 4AA1F4A12B8D7124006CD9D6 /* AppetizerListCell.swift */; };
		4AA1F4A42B8EDD42006CD9D6 /* NetworkManager.swift in Sources */ = {isa = PBXBuildFile; fileRef = 4AA1F4A32B8EDD42006CD9D6 /* NetworkManager.swift */; };
		4AA1F4A62B8EDE37006CD9D6 /* APError.swift in Sources */ = {isa = PBXBuildFile; fileRef = 4AA1F4A52B8EDE37006CD9D6 /* APError.swift */; };
		4AA1F4A82B905CBE006CD9D6 /* AppetizerListViewModel.swift in Sources */ = {isa = PBXBuildFile; fileRef = 4AA1F4A72B905CBE006CD9D6 /* AppetizerListViewModel.swift */; };
		4AA1F4AA2B905E4B006CD9D6 /* Alert.swift in Sources */ = {isa = PBXBuildFile; fileRef = 4AA1F4A92B905E4B006CD9D6 /* Alert.swift */; };
/* End PBXBuildFile section */

/* Begin PBXFileReference section */
		4AA1F4882B7D0F07006CD9D6 /* Appetizers.app */ = {isa = PBXFileReference; explicitFileType = wrapper.application; includeInIndex = 0; path = Appetizers.app; sourceTree = BUILT_PRODUCTS_DIR; };
		4AA1F48B2B7D0F07006CD9D6 /* AppetizersApp.swift */ = {isa = PBXFileReference; lastKnownFileType = sourcecode.swift; path = AppetizersApp.swift; sourceTree = "<group>"; };
		4AA1F48D2B7D0F07006CD9D6 /* AppetizerTabView.swift */ = {isa = PBXFileReference; lastKnownFileType = sourcecode.swift; path = AppetizerTabView.swift; sourceTree = "<group>"; };
		4AA1F48F2B7D0F0C006CD9D6 /* Assets.xcassets */ = {isa = PBXFileReference; lastKnownFileType = folder.assetcatalog; path = Assets.xcassets; sourceTree = "<group>"; };
		4AA1F4922B7D0F0C006CD9D6 /* Preview Assets.xcassets */ = {isa = PBXFileReference; lastKnownFileType = folder.assetcatalog; path = "Preview Assets.xcassets"; sourceTree = "<group>"; };
		4AA1F4992B7D0F5F006CD9D6 /* AppetizerListView.swift */ = {isa = PBXFileReference; lastKnownFileType = sourcecode.swift; path = AppetizerListView.swift; sourceTree = "<group>"; };
		4AA1F49B2B7D0F68006CD9D6 /* AccountView.swift */ = {isa = PBXFileReference; lastKnownFileType = sourcecode.swift; path = AccountView.swift; sourceTree = "<group>"; };
		4AA1F49D2B7D0F71006CD9D6 /* OrderView.swift */ = {isa = PBXFileReference; lastKnownFileType = sourcecode.swift; path = OrderView.swift; sourceTree = "<group>"; };
		4AA1F49F2B8D6C45006CD9D6 /* Appetizer.swift */ = {isa = PBXFileReference; lastKnownFileType = sourcecode.swift; path = Appetizer.swift; sourceTree = "<group>"; };
		4AA1F4A12B8D7124006CD9D6 /* AppetizerListCell.swift */ = {isa = PBXFileReference; lastKnownFileType = sourcecode.swift; path = AppetizerListCell.swift; sourceTree = "<group>"; };
		4AA1F4A32B8EDD42006CD9D6 /* NetworkManager.swift */ = {isa = PBXFileReference; lastKnownFileType = sourcecode.swift; path = NetworkManager.swift; sourceTree = "<group>"; };
		4AA1F4A52B8EDE37006CD9D6 /* APError.swift */ = {isa = PBXFileReference; lastKnownFileType = sourcecode.swift; path = APError.swift; sourceTree = "<group>"; };
		4AA1F4A72B905CBE006CD9D6 /* AppetizerListViewModel.swift */ = {isa = PBXFileReference; lastKnownFileType = sourcecode.swift; path = AppetizerListViewModel.swift; sourceTree = "<group>"; };
		4AA1F4A92B905E4B006CD9D6 /* Alert.swift */ = {isa = PBXFileReference; lastKnownFileType = sourcecode.swift; path = Alert.swift; sourceTree = "<group>"; };
/* End PBXFileReference section */

/* Begin PBXFrameworksBuildPhase section */
		4AA1F4852B7D0F07006CD9D6 /* Frameworks */ = {
			isa = PBXFrameworksBuildPhase;
			buildActionMask = 2147483647;
			files = (
			);
			runOnlyForDeploymentPostprocessing = 0;
		};
/* End PBXFrameworksBuildPhase section */

/* Begin PBXGroup section */
		4AA1F47F2B7D0F07006CD9D6 = {
			isa = PBXGroup;
			children = (
				4AA1F48A2B7D0F07006CD9D6 /* Appetizers */,
				4AA1F4892B7D0F07006CD9D6 /* Products */,
			);
			sourceTree = "<group>";
		};
		4AA1F4892B7D0F07006CD9D6 /* Products */ = {
			isa = PBXGroup;
			children = (
				4AA1F4882B7D0F07006CD9D6 /* Appetizers.app */,
			);
			name = Products;
			sourceTree = "<group>";
		};
		4AA1F48A2B7D0F07006CD9D6 /* Appetizers */ = {
			isa = PBXGroup;
			children = (
				4AA1F49F2B8D6C45006CD9D6 /* Appetizer.swift */,
				4AA1F48B2B7D0F07006CD9D6 /* AppetizersApp.swift */,
				4AA1F48D2B7D0F07006CD9D6 /* AppetizerTabView.swift */,
				4AA1F4992B7D0F5F006CD9D6 /* AppetizerListView.swift */,
				4AA1F4A72B905CBE006CD9D6 /* AppetizerListViewModel.swift */,
				4AA1F49B2B7D0F68006CD9D6 /* AccountView.swift */,
				4AA1F49D2B7D0F71006CD9D6 /* OrderView.swift */,
				4AA1F4A12B8D7124006CD9D6 /* AppetizerListCell.swift */,
				4AA1F4A52B8EDE37006CD9D6 /* APError.swift */,
				4AA1F4A32B8EDD42006CD9D6 /* NetworkManager.swift */,
				4AA1F4A92B905E4B006CD9D6 /* Alert.swift */,
				4AA1F48F2B7D0F0C006CD9D6 /* Assets.xcassets */,
				4AA1F4912B7D0F0C006CD9D6 /* Preview Content */,
			);
			path = Appetizers;
			sourceTree = "<group>";
		};
		4AA1F4912B7D0F0C006CD9D6 /* Preview Content */ = {
			isa = PBXGroup;
			children = (
				4AA1F4922B7D0F0C006CD9D6 /* Preview Assets.xcassets */,
			);
			path = "Preview Content";
			sourceTree = "<group>";
		};
/* End PBXGroup section */

/* Begin PBXNativeTarget section */
		4AA1F4872B7D0F07006CD9D6 /* Appetizers */ = {
			isa = PBXNativeTarget;
			buildConfigurationList = 4AA1F4962B7D0F0C006CD9D6 /* Build configuration list for PBXNativeTarget "Appetizers" */;
			buildPhases = (
				4AA1F4842B7D0F07006CD9D6 /* Sources */,
				4AA1F4852B7D0F07006CD9D6 /* Frameworks */,
				4AA1F4862B7D0F07006CD9D6 /* Resources */,
			);
			buildRules = (
			);
			dependencies = (
			);
			name = Appetizers;
			productName = Appetizers;
			productReference = 4AA1F4882B7D0F07006CD9D6 /* Appetizers.app */;
			productType = "com.apple.product-type.application";
		};
/* End PBXNativeTarget section */

/* Begin PBXProject section */
		4AA1F4802B7D0F07006CD9D6 /* Project object */ = {
			isa = PBXProject;
			attributes = {
				BuildIndependentTargetsInParallel = 1;
				LastSwiftUpdateCheck = 1520;
				LastUpgradeCheck = 1520;
				TargetAttributes = {
					4AA1F4872B7D0F07006CD9D6 = {
						CreatedOnToolsVersion = 15.2;
					};
				};
			};
			buildConfigurationList = 4AA1F4832B7D0F07006CD9D6 /* Build configuration list for PBXProject "Appetizers" */;
			compatibilityVersion = "Xcode 14.0";
			developmentRegion = en;
			hasScannedForEncodings = 0;
			knownRegions = (
				en,
				Base,
			);
			mainGroup = 4AA1F47F2B7D0F07006CD9D6;
			productRefGroup = 4AA1F4892B7D0F07006CD9D6 /* Products */;
			projectDirPath = "";
			projectRoot = "";
			targets = (
				4AA1F4872B7D0F07006CD9D6 /* Appetizers */,
			);
		};
/* End PBXProject section */

/* Begin PBXResourcesBuildPhase section */
		4AA1F4862B7D0F07006CD9D6 /* Resources */ = {
			isa = PBXResourcesBuildPhase;
			buildActionMask = 2147483647;
			files = (
				4AA1F4932B7D0F0C006CD9D6 /* Preview Assets.xcassets in Resources */,
				4AA1F4902B7D0F0C006CD9D6 /* Assets.xcassets in Resources */,
			);
			runOnlyForDeploymentPostprocessing = 0;
		};
/* End PBXResourcesBuildPhase section */

/* Begin PBXSourcesBuildPhase section */
		4AA1F4842B7D0F07006CD9D6 /* Sources */ = {
			isa = PBXSourcesBuildPhase;
			buildActionMask = 2147483647;
			files = (
				4AA1F4A02B8D6C45006CD9D6 /* Appetizer.swift in Sources */,
				4AA1F4A62B8EDE37006CD9D6 /* APError.swift in Sources */,
				4AA1F4A22B8D7124006CD9D6 /* AppetizerListCell.swift in Sources */,
				4AA1F4A82B905CBE006CD9D6 /* AppetizerListViewModel.swift in Sources */,
				4AA1F49C2B7D0F68006CD9D6 /* AccountView.swift in Sources */,
				4AA1F48E2B7D0F07006CD9D6 /* AppetizerTabView.swift in Sources */,
				4AA1F4A42B8EDD42006CD9D6 /* NetworkManager.swift in Sources */,
				4AA1F48C2B7D0F07006CD9D6 /* AppetizersApp.swift in Sources */,
				4AA1F4AA2B905E4B006CD9D6 /* Alert.swift in Sources */,
				4AA1F49A2B7D0F5F006CD9D6 /* AppetizerListView.swift in Sources */,
				4AA1F49E2B7D0F71006CD9D6 /* OrderView.swift in Sources */,
			);
			runOnlyForDeploymentPostprocessing = 0;
		};
/* End PBXSourcesBuildPhase section */

/* Begin XCBuildConfiguration section */
		4AA1F4942B7D0F0C006CD9D6 /* Debug */ = {
			isa = XCBuildConfiguration;
			buildSettings = {
				ALWAYS_SEARCH_USER_PATHS = NO;
				ASSETCATALOG_COMPILER_GENERATE_SWIFT_ASSET_SYMBOL_EXTENSIONS = YES;
				CLANG_ANALYZER_NONNULL = YES;
				CLANG_ANALYZER_NUMBER_OBJECT_CONVERSION = YES_AGGRESSIVE;
				CLANG_CXX_LANGUAGE_STANDARD = "gnu++20";
				CLANG_ENABLE_MODULES = YES;
				CLANG_ENABLE_OBJC_ARC = YES;
				CLANG_ENABLE_OBJC_WEAK = YES;
				CLANG_WARN_BLOCK_CAPTURE_AUTORELEASING = YES;
				CLANG_WARN_BOOL_CONVERSION = YES;
				CLANG_WARN_COMMA = YES;
				CLANG_WARN_CONSTANT_CONVERSION = YES;
				CLANG_WARN_DEPRECATED_OBJC_IMPLEMENTATIONS = YES;
				CLANG_WARN_DIRECT_OBJC_ISA_USAGE = YES_ERROR;
				CLANG_WARN_DOCUMENTATION_COMMENTS = YES;
				CLANG_WARN_EMPTY_BODY = YES;
				CLANG_WARN_ENUM_CONVERSION = YES;
				CLANG_WARN_INFINITE_RECURSION = YES;
				CLANG_WARN_INT_CONVERSION = YES;
				CLANG_WARN_NON_LITERAL_NULL_CONVERSION = YES;
				CLANG_WARN_OBJC_IMPLICIT_RETAIN_SELF = YES;
				CLANG_WARN_OBJC_LITERAL_CONVERSION = YES;
				CLANG_WARN_OBJC_ROOT_CLASS = YES_ERROR;
				CLANG_WARN_QUOTED_INCLUDE_IN_FRAMEWORK_HEADER = YES;
				CLANG_WARN_RANGE_LOOP_ANALYSIS = YES;
				CLANG_WARN_STRICT_PROTOTYPES = YES;
				CLANG_WARN_SUSPICIOUS_MOVE = YES;
				CLANG_WARN_UNGUARDED_AVAILABILITY = YES_AGGRESSIVE;
				CLANG_WARN_UNREACHABLE_CODE = YES;
				CLANG_WARN__DUPLICATE_METHOD_MATCH = YES;
				COPY_PHASE_STRIP = NO;
				DEBUG_INFORMATION_FORMAT = dwarf;
				ENABLE_STRICT_OBJC_MSGSEND = YES;
				ENABLE_TESTABILITY = YES;
				ENABLE_USER_SCRIPT_SANDBOXING = YES;
				GCC_C_LANGUAGE_STANDARD = gnu17;
				GCC_DYNAMIC_NO_PIC = NO;
				GCC_NO_COMMON_BLOCKS = YES;
				GCC_OPTIMIZATION_LEVEL = 0;
				GCC_PREPROCESSOR_DEFINITIONS = (
					"DEBUG=1",
					"$(inherited)",
				);
				GCC_WARN_64_TO_32_BIT_CONVERSION = YES;
				GCC_WARN_ABOUT_RETURN_TYPE = YES_ERROR;
				GCC_WARN_UNDECLARED_SELECTOR = YES;
				GCC_WARN_UNINITIALIZED_AUTOS = YES_AGGRESSIVE;
				GCC_WARN_UNUSED_FUNCTION = YES;
				GCC_WARN_UNUSED_VARIABLE = YES;
				IPHONEOS_DEPLOYMENT_TARGET = 17.2;
				LOCALIZATION_PREFERS_STRING_CATALOGS = YES;
				MTL_ENABLE_DEBUG_INFO = INCLUDE_SOURCE;
				MTL_FAST_MATH = YES;
				ONLY_ACTIVE_ARCH = YES;
				SDKROOT = iphoneos;
				SWIFT_ACTIVE_COMPILATION_CONDITIONS = "DEBUG $(inherited)";
				SWIFT_OPTIMIZATION_LEVEL = "-Onone";
			};
			name = Debug;
		};
		4AA1F4952B7D0F0C006CD9D6 /* Release */ = {
			isa = XCBuildConfiguration;
			buildSettings = {
				ALWAYS_SEARCH_USER_PATHS = NO;
				ASSETCATALOG_COMPILER_GENERATE_SWIFT_ASSET_SYMBOL_EXTENSIONS = YES;
				CLANG_ANALYZER_NONNULL = YES;
				CLANG_ANALYZER_NUMBER_OBJECT_CONVERSION = YES_AGGRESSIVE;
				CLANG_CXX_LANGUAGE_STANDARD = "gnu++20";
				CLANG_ENABLE_MODULES = YES;
				CLANG_ENABLE_OBJC_ARC = YES;
				CLANG_ENABLE_OBJC_WEAK = YES;
				CLANG_WARN_BLOCK_CAPTURE_AUTORELEASING = YES;
				CLANG_WARN_BOOL_CONVERSION = YES;
				CLANG_WARN_COMMA = YES;
				CLANG_WARN_CONSTANT_CONVERSION = YES;
				CLANG_WARN_DEPRECATED_OBJC_IMPLEMENTATIONS = YES;
				CLANG_WARN_DIRECT_OBJC_ISA_USAGE = YES_ERROR;
				CLANG_WARN_DOCUMENTATION_COMMENTS = YES;
				CLANG_WARN_EMPTY_BODY = YES;
				CLANG_WARN_ENUM_CONVERSION = YES;
				CLANG_WARN_INFINITE_RECURSION = YES;
				CLANG_WARN_INT_CONVERSION = YES;
				CLANG_WARN_NON_LITERAL_NULL_CONVERSION = YES;
				CLANG_WARN_OBJC_IMPLICIT_RETAIN_SELF = YES;
				CLANG_WARN_OBJC_LITERAL_CONVERSION = YES;
				CLANG_WARN_OBJC_ROOT_CLASS = YES_ERROR;
				CLANG_WARN_QUOTED_INCLUDE_IN_FRAMEWORK_HEADER = YES;
				CLANG_WARN_RANGE_LOOP_ANALYSIS = YES;
				CLANG_WARN_STRICT_PROTOTYPES = YES;
				CLANG_WARN_SUSPICIOUS_MOVE = YES;
				CLANG_WARN_UNGUARDED_AVAILABILITY = YES_AGGRESSIVE;
				CLANG_WARN_UNREACHABLE_CODE = YES;
				CLANG_WARN__DUPLICATE_METHOD_MATCH = YES;
				COPY_PHASE_STRIP = NO;
				DEBUG_INFORMATION_FORMAT = "dwarf-with-dsym";
				ENABLE_NS_ASSERTIONS = NO;
				ENABLE_STRICT_OBJC_MSGSEND = YES;
				ENABLE_USER_SCRIPT_SANDBOXING = YES;
				GCC_C_LANGUAGE_STANDARD = gnu17;
				GCC_NO_COMMON_BLOCKS = YES;
				GCC_WARN_64_TO_32_BIT_CONVERSION = YES;
				GCC_WARN_ABOUT_RETURN_TYPE = YES_ERROR;
				GCC_WARN_UNDECLARED_SELECTOR = YES;
				GCC_WARN_UNINITIALIZED_AUTOS = YES_AGGRESSIVE;
				GCC_WARN_UNUSED_FUNCTION = YES;
				GCC_WARN_UNUSED_VARIABLE = YES;
				IPHONEOS_DEPLOYMENT_TARGET = 17.2;
				LOCALIZATION_PREFERS_STRING_CATALOGS = YES;
				MTL_ENABLE_DEBUG_INFO = NO;
				MTL_FAST_MATH = YES;
				SDKROOT = iphoneos;
				SWIFT_COMPILATION_MODE = wholemodule;
				VALIDATE_PRODUCT = YES;
			};
			name = Release;
		};
		4AA1F4972B7D0F0C006CD9D6 /* Debug */ = {
			isa = XCBuildConfiguration;
			buildSettings = {
				ASSETCATALOG_COMPILER_APPICON_NAME = AppIcon;
				ASSETCATALOG_COMPILER_GLOBAL_ACCENT_COLOR_NAME = AccentColor;
				CODE_SIGN_STYLE = Automatic;
				CURRENT_PROJECT_VERSION = 1;
				DEVELOPMENT_ASSET_PATHS = "\"Appetizers/Preview Content\"";
				DEVELOPMENT_TEAM = WDAK84T86Z;
				ENABLE_PREVIEWS = YES;
				GENERATE_INFOPLIST_FILE = YES;
				INFOPLIST_KEY_UIApplicationSceneManifest_Generation = YES;
				INFOPLIST_KEY_UIApplicationSupportsIndirectInputEvents = YES;
				INFOPLIST_KEY_UILaunchScreen_Generation = YES;
				INFOPLIST_KEY_UISupportedInterfaceOrientations_iPad = "UIInterfaceOrientationPortrait UIInterfaceOrientationPortraitUpsideDown UIInterfaceOrientationLandscapeLeft UIInterfaceOrientationLandscapeRight";
				INFOPLIST_KEY_UISupportedInterfaceOrientations_iPhone = "UIInterfaceOrientationPortrait UIInterfaceOrientationLandscapeLeft UIInterfaceOrientationLandscapeRight";
				LD_RUNPATH_SEARCH_PATHS = (
					"$(inherited)",
					"@executable_path/Frameworks",
				);
				MARKETING_VERSION = 1.0;
				PRODUCT_BUNDLE_IDENTIFIER = PhilipZhang.Appetizers;
				PRODUCT_NAME = "$(TARGET_NAME)";
				SWIFT_EMIT_LOC_STRINGS = YES;
				SWIFT_VERSION = 5.0;
				TARGETED_DEVICE_FAMILY = "1,2";
			};
			name = Debug;
		};
		4AA1F4982B7D0F0C006CD9D6 /* Release */ = {
			isa = XCBuildConfiguration;
			buildSettings = {
				ASSETCATALOG_COMPILER_APPICON_NAME = AppIcon;
				ASSETCATALOG_COMPILER_GLOBAL_ACCENT_COLOR_NAME = AccentColor;
				CODE_SIGN_STYLE = Automatic;
				CURRENT_PROJECT_VERSION = 1;
				DEVELOPMENT_ASSET_PATHS = "\"Appetizers/Preview Content\"";
				DEVELOPMENT_TEAM = WDAK84T86Z;
				ENABLE_PREVIEWS = YES;
				GENERATE_INFOPLIST_FILE = YES;
				INFOPLIST_KEY_UIApplicationSceneManifest_Generation = YES;
				INFOPLIST_KEY_UIApplicationSupportsIndirectInputEvents = YES;
				INFOPLIST_KEY_UILaunchScreen_Generation = YES;
				INFOPLIST_KEY_UISupportedInterfaceOrientations_iPad = "UIInterfaceOrientationPortrait UIInterfaceOrientationPortraitUpsideDown UIInterfaceOrientationLandscapeLeft UIInterfaceOrientationLandscapeRight";
				INFOPLIST_KEY_UISupportedInterfaceOrientations_iPhone = "UIInterfaceOrientationPortrait UIInterfaceOrientationLandscapeLeft UIInterfaceOrientationLandscapeRight";
				LD_RUNPATH_SEARCH_PATHS = (
					"$(inherited)",
					"@executable_path/Frameworks",
				);
				MARKETING_VERSION = 1.0;
				PRODUCT_BUNDLE_IDENTIFIER = PhilipZhang.Appetizers;
				PRODUCT_NAME = "$(TARGET_NAME)";
				SWIFT_EMIT_LOC_STRINGS = YES;
				SWIFT_VERSION = 5.0;
				TARGETED_DEVICE_FAMILY = "1,2";
			};
			name = Release;
		};
/* End XCBuildConfiguration section */

/* Begin XCConfigurationList section */
		4AA1F4832B7D0F07006CD9D6 /* Build configuration list for PBXProject "Appetizers" */ = {
			isa = XCConfigurationList;
			buildConfigurations = (
				4AA1F4942B7D0F0C006CD9D6 /* Debug */,
				4AA1F4952B7D0F0C006CD9D6 /* Release */,
			);
			defaultConfigurationIsVisible = 0;
			defaultConfigurationName = Release;
		};
		4AA1F4962B7D0F0C006CD9D6 /* Build configuration list for PBXNativeTarget "Appetizers" */ = {
			isa = XCConfigurationList;
			buildConfigurations = (
				4AA1F4972B7D0F0C006CD9D6 /* Debug */,
				4AA1F4982B7D0F0C006CD9D6 /* Release */,
			);
			defaultConfigurationIsVisible = 0;
			defaultConfigurationName = Release;
		};
/* End XCConfigurationList section */
	};
	rootObject = 4AA1F4802B7D0F07006CD9D6 /* Project object */;
}
